// !$*UTF8*$!
{
	archiveVersion = 1;
	classes = {
	};
	objectVersion = 46;
	objects = {

/* Begin PBXBuildFile section */
		571F80D61B5D3F4500220E9B /* main.m in Sources */ = {isa = PBXBuildFile; fileRef = 571F80D51B5D3F4500220E9B /* main.m */; };
		571F80D91B5D3F4500220E9B /* AppDelegate.m in Sources */ = {isa = PBXBuildFile; fileRef = 571F80D81B5D3F4500220E9B /* AppDelegate.m */; };
		571F80DC1B5D3F4500220E9B /* ViewController.m in Sources */ = {isa = PBXBuildFile; fileRef = 571F80DB1B5D3F4500220E9B /* ViewController.m */; };
		571F80DF1B5D3F4500220E9B /* Main.storyboard in Resources */ = {isa = PBXBuildFile; fileRef = 571F80DD1B5D3F4500220E9B /* Main.storyboard */; };
		571F80E11B5D3F4500220E9B /* Images.xcassets in Resources */ = {isa = PBXBuildFile; fileRef = 571F80E01B5D3F4500220E9B /* Images.xcassets */; };
		571F80E41B5D3F4500220E9B /* LaunchScreen.xib in Resources */ = {isa = PBXBuildFile; fileRef = 571F80E21B5D3F4500220E9B /* LaunchScreen.xib */; };
		571F80F01B5D3F4500220E9B /* CameraBufferTests.m in Sources */ = {isa = PBXBuildFile; fileRef = 571F80EF1B5D3F4500220E9B /* CameraBufferTests.m */; };
/* End PBXBuildFile section */

/* Begin PBXContainerItemProxy section */
		571F80EA1B5D3F4500220E9B /* PBXContainerItemProxy */ = {
			isa = PBXContainerItemProxy;
			containerPortal = 571F80C81B5D3F4500220E9B /* Project object */;
			proxyType = 1;
			remoteGlobalIDString = 571F80CF1B5D3F4500220E9B;
			remoteInfo = CameraBuffer;
		};
/* End PBXContainerItemProxy section */

/* Begin PBXFileReference section */
		571F80D01B5D3F4500220E9B /* CameraBuffer.app */ = {isa = PBXFileReference; explicitFileType = wrapper.application; includeInIndex = 0; path = CameraBuffer.app; sourceTree = BUILT_PRODUCTS_DIR; };
		571F80D41B5D3F4500220E9B /* Info.plist */ = {isa = PBXFileReference; lastKnownFileType = text.plist.xml; path = Info.plist; sourceTree = "<group>"; };
		571F80D51B5D3F4500220E9B /* main.m */ = {isa = PBXFileReference; lastKnownFileType = sourcecode.c.objc; path = main.m; sourceTree = "<group>"; };
		571F80D71B5D3F4500220E9B /* AppDelegate.h */ = {isa = PBXFileReference; lastKnownFileType = sourcecode.c.h; path = AppDelegate.h; sourceTree = "<group>"; };
		571F80D81B5D3F4500220E9B /* AppDelegate.m */ = {isa = PBXFileReference; lastKnownFileType = sourcecode.c.objc; path = AppDelegate.m; sourceTree = "<group>"; };
		571F80DA1B5D3F4500220E9B /* ViewController.h */ = {isa = PBXFileReference; lastKnownFileType = sourcecode.c.h; path = ViewController.h; sourceTree = "<group>"; };
		571F80DB1B5D3F4500220E9B /* ViewController.m */ = {isa = PBXFileReference; lastKnownFileType = sourcecode.c.objc; path = ViewController.m; sourceTree = "<group>"; };
		571F80DE1B5D3F4500220E9B /* Base */ = {isa = PBXFileReference; lastKnownFileType = file.storyboard; name = Base; path = Base.lproj/Main.storyboard; sourceTree = "<group>"; };
		571F80E01B5D3F4500220E9B /* Images.xcassets */ = {isa = PBXFileReference; lastKnownFileType = folder.assetcatalog; path = Images.xcassets; sourceTree = "<group>"; };
		571F80E31B5D3F4500220E9B /* Base */ = {isa = PBXFileReference; lastKnownFileType = file.xib; name = Base; path = Base.lproj/LaunchScreen.xib; sourceTree = "<group>"; };
		571F80E91B5D3F4500220E9B /* CameraBufferTests.xctest */ = {isa = PBXFileReference; explicitFileType = wrapper.cfbundle; includeInIndex = 0; path = CameraBufferTests.xctest; sourceTree = BUILT_PRODUCTS_DIR; };
		571F80EE1B5D3F4500220E9B /* Info.plist */ = {isa = PBXFileReference; lastKnownFileType = text.plist.xml; path = Info.plist; sourceTree = "<group>"; };
		571F80EF1B5D3F4500220E9B /* CameraBufferTests.m */ = {isa = PBXFileReference; lastKnownFileType = sourcecode.c.objc; path = CameraBufferTests.m; sourceTree = "<group>"; };
/* End PBXFileReference section */

/* Begin PBXFrameworksBuildPhase section */
		571F80CD1B5D3F4500220E9B /* Frameworks */ = {
			isa = PBXFrameworksBuildPhase;
			buildActionMask = 2147483647;
			files = (
			);
			runOnlyForDeploymentPostprocessing = 0;
		};
		571F80E61B5D3F4500220E9B /* Frameworks */ = {
			isa = PBXFrameworksBuildPhase;
			buildActionMask = 2147483647;
			files = (
			);
			runOnlyForDeploymentPostprocessing = 0;
		};
/* End PBXFrameworksBuildPhase section */

/* Begin PBXGroup section */
		571F80C71B5D3F4500220E9B = {
			isa = PBXGroup;
			children = (
				571F80D21B5D3F4500220E9B /* CameraBuffer */,
				571F80EC1B5D3F4500220E9B /* CameraBufferTests */,
				571F80D11B5D3F4500220E9B /* Products */,
			);
			sourceTree = "<group>";
		};
		571F80D11B5D3F4500220E9B /* Products */ = {
			isa = PBXGroup;
			children = (
				571F80D01B5D3F4500220E9B /* CameraBuffer.app */,
				571F80E91B5D3F4500220E9B /* CameraBufferTests.xctest */,
			);
			name = Products;
			sourceTree = "<group>";
		};
		571F80D21B5D3F4500220E9B /* CameraBuffer */ = {
			isa = PBXGroup;
			children = (
				571F80D71B5D3F4500220E9B /* AppDelegate.h */,
				571F80D81B5D3F4500220E9B /* AppDelegate.m */,
				571F80DA1B5D3F4500220E9B /* ViewController.h */,
				571F80DB1B5D3F4500220E9B /* ViewController.m */,
				571F80DD1B5D3F4500220E9B /* Main.storyboard */,
				571F80E01B5D3F4500220E9B /* Images.xcassets */,
				571F80E21B5D3F4500220E9B /* LaunchScreen.xib */,
				571F80D31B5D3F4500220E9B /* Supporting Files */,
			);
			path = CameraBuffer;
			sourceTree = "<group>";
		};
		571F80D31B5D3F4500220E9B /* Supporting Files */ = {
			isa = PBXGroup;
			children = (
				571F80D41B5D3F4500220E9B /* Info.plist */,
				571F80D51B5D3F4500220E9B /* main.m */,
			);
			name = "Supporting Files";
			sourceTree = "<group>";
		};
		571F80EC1B5D3F4500220E9B /* CameraBufferTests */ = {
			isa = PBXGroup;
			children = (
				571F80EF1B5D3F4500220E9B /* CameraBufferTests.m */,
				571F80ED1B5D3F4500220E9B /* Supporting Files */,
			);
			path = CameraBufferTests;
			sourceTree = "<group>";
		};
		571F80ED1B5D3F4500220E9B /* Supporting Files */ = {
			isa = PBXGroup;
			children = (
				571F80EE1B5D3F4500220E9B /* Info.plist */,
			);
			name = "Supporting Files";
			sourceTree = "<group>";
		};
/* End PBXGroup section */

/* Begin PBXNativeTarget section */
		571F80CF1B5D3F4500220E9B /* CameraBuffer */ = {
			isa = PBXNativeTarget;
			buildConfigurationList = 571F80F31B5D3F4500220E9B /* Build configuration list for PBXNativeTarget "CameraBuffer" */;
			buildPhases = (
				571F80CC1B5D3F4500220E9B /* Sources */,
				571F80CD1B5D3F4500220E9B /* Frameworks */,
				571F80CE1B5D3F4500220E9B /* Resources */,
			);
			buildRules = (
			);
			dependencies = (
			);
			name = CameraBuffer;
			productName = CameraBuffer;
			productReference = 571F80D01B5D3F4500220E9B /* CameraBuffer.app */;
			productType = "com.apple.product-type.application";
		};
		571F80E81B5D3F4500220E9B /* CameraBufferTests */ = {
			isa = PBXNativeTarget;
			buildConfigurationList = 571F80F61B5D3F4500220E9B /* Build configuration list for PBXNativeTarget "CameraBufferTests" */;
			buildPhases = (
				571F80E51B5D3F4500220E9B /* Sources */,
				571F80E61B5D3F4500220E9B /* Frameworks */,
				571F80E71B5D3F4500220E9B /* Resources */,
			);
			buildRules = (
			);
			dependencies = (
				571F80EB1B5D3F4500220E9B /* PBXTargetDependency */,
			);
			name = CameraBufferTests;
			productName = CameraBufferTests;
			productReference = 571F80E91B5D3F4500220E9B /* CameraBufferTests.xctest */;
			productType = "com.apple.product-type.bundle.unit-test";
		};
/* End PBXNativeTarget section */

/* Begin PBXProject section */
		571F80C81B5D3F4500220E9B /* Project object */ = {
			isa = PBXProject;
			attributes = {
				LastUpgradeCheck = 0640;
				ORGANIZATIONNAME = Nestline;
				TargetAttributes = {
					571F80CF1B5D3F4500220E9B = {
						CreatedOnToolsVersion = 6.4;
					};
					571F80E81B5D3F4500220E9B = {
						CreatedOnToolsVersion = 6.4;
						TestTargetID = 571F80CF1B5D3F4500220E9B;
					};
				};
			};
			buildConfigurationList = 571F80CB1B5D3F4500220E9B /* Build configuration list for PBXProject "CameraBuffer" */;
			compatibilityVersion = "Xcode 3.2";
			developmentRegion = English;
			hasScannedForEncodings = 0;
			knownRegions = (
				en,
				Base,
			);
			mainGroup = 571F80C71B5D3F4500220E9B;
			productRefGroup = 571F80D11B5D3F4500220E9B /* Products */;
			projectDirPath = "";
			projectRoot = "";
			targets = (
				571F80CF1B5D3F4500220E9B /* CameraBuffer */,
				571F80E81B5D3F4500220E9B /* CameraBufferTests */,
			);
		};
/* End PBXProject section */

/* Begin PBXResourcesBuildPhase section */
		571F80CE1B5D3F4500220E9B /* Resources */ = {
			isa = PBXResourcesBuildPhase;
			buildActionMask = 2147483647;
			files = (
				571F80DF1B5D3F4500220E9B /* Main.storyboard in Resources */,
				571F80E41B5D3F4500220E9B /* LaunchScreen.xib in Resources */,
				571F80E11B5D3F4500220E9B /* Images.xcassets in Resources */,
			);
			runOnlyForDeploymentPostprocessing = 0;
		};
		571F80E71B5D3F4500220E9B /* Resources */ = {
			isa = PBXResourcesBuildPhase;
			buildActionMask = 2147483647;
			files = (
			);
			runOnlyForDeploymentPostprocessing = 0;
		};
/* End PBXResourcesBuildPhase section */

/* Begin PBXSourcesBuildPhase section */
		571F80CC1B5D3F4500220E9B /* Sources */ = {
			isa = PBXSourcesBuildPhase;
			buildActionMask = 2147483647;
			files = (
				571F80DC1B5D3F4500220E9B /* ViewController.m in Sources */,
				571F80D91B5D3F4500220E9B /* AppDelegate.m in Sources */,
				571F80D61B5D3F4500220E9B /* main.m in Sources */,
			);
			runOnlyForDeploymentPostprocessing = 0;
		};
		571F80E51B5D3F4500220E9B /* Sources */ = {
			isa = PBXSourcesBuildPhase;
			buildActionMask = 2147483647;
			files = (
				571F80F01B5D3F4500220E9B /* CameraBufferTests.m in Sources */,
			);
			runOnlyForDeploymentPostprocessing = 0;
		};
/* End PBXSourcesBuildPhase section */

/* Begin PBXTargetDependency section */
		571F80EB1B5D3F4500220E9B /* PBXTargetDependency */ = {
			isa = PBXTargetDependency;
			target = 571F80CF1B5D3F4500220E9B /* CameraBuffer */;
			targetProxy = 571F80EA1B5D3F4500220E9B /* PBXContainerItemProxy */;
		};
/* End PBXTargetDependency section */

/* Begin PBXVariantGroup section */
		571F80DD1B5D3F4500220E9B /* Main.storyboard */ = {
			isa = PBXVariantGroup;
			children = (
				571F80DE1B5D3F4500220E9B /* Base */,
			);
			name = Main.storyboard;
			sourceTree = "<group>";
		};
		571F80E21B5D3F4500220E9B /* LaunchScreen.xib */ = {
			isa = PBXVariantGroup;
			children = (
				571F80E31B5D3F4500220E9B /* Base */,
			);
			name = LaunchScreen.xib;
			sourceTree = "<group>";
		};
/* End PBXVariantGroup section */

/* Begin XCBuildConfiguration section */
		571F80F11B5D3F4500220E9B /* Debug */ = {
			isa = XCBuildConfiguration;
			buildSettings = {
				ALWAYS_SEARCH_USER_PATHS = NO;
				CLANG_CXX_LANGUAGE_STANDARD = "gnu++0x";
				CLANG_CXX_LIBRARY = "libc++";
				CLANG_ENABLE_MODULES = YES;
				CLANG_ENABLE_OBJC_ARC = YES;
				CLANG_WARN_BOOL_CONVERSION = YES;
				CLANG_WARN_CONSTANT_CONVERSION = YES;
				CLANG_WARN_DIRECT_OBJC_ISA_USAGE = YES_ERROR;
				CLANG_WARN_EMPTY_BODY = YES;
				CLANG_WARN_ENUM_CONVERSION = YES;
				CLANG_WARN_INT_CONVERSION = YES;
				CLANG_WARN_OBJC_ROOT_CLASS = YES_ERROR;
				CLANG_WARN_UNREACHABLE_CODE = YES;
				CLANG_WARN__DUPLICATE_METHOD_MATCH = YES;
				"CODE_SIGN_IDENTITY[sdk=iphoneos*]" = "iPhone Developer";
				COPY_PHASE_STRIP = NO;
				DEBUG_INFORMATION_FORMAT = "dwarf-with-dsym";
				ENABLE_STRICT_OBJC_MSGSEND = YES;
				GCC_C_LANGUAGE_STANDARD = gnu99;
				GCC_DYNAMIC_NO_PIC = NO;
				GCC_NO_COMMON_BLOCKS = YES;
				GCC_OPTIMIZATION_LEVEL = 0;
				GCC_PREPROCESSOR_DEFINITIONS = (
					"DEBUG=1",
					"$(inherited)",
				);
				GCC_SYMBOLS_PRIVATE_EXTERN = NO;
				GCC_WARN_64_TO_32_BIT_CONVERSION = YES;
				GCC_WARN_ABOUT_RETURN_TYPE = YES_ERROR;
				GCC_WARN_UNDECLARED_SELECTOR = YES;
				GCC_WARN_UNINITIALIZED_AUTOS = YES_AGGRESSIVE;
				GCC_WARN_UNUSED_FUNCTION = YES;
				GCC_WARN_UNUSED_VARIABLE = YES;
				IPHONEOS_DEPLOYMENT_TARGET = 8.4;
				MTL_ENABLE_DEBUG_INFO = YES;
				ONLY_ACTIVE_ARCH = YES;
				SDKROOT = iphoneos;
				TARGETED_DEVICE_FAMILY = "1,2";
			};
			name = Debug;
		};
		571F80F21B5D3F4500220E9B /* Release */ = {
			isa = XCBuildConfiguration;
			buildSettings = {
				ALWAYS_SEARCH_USER_PATHS = NO;
				CLANG_CXX_LANGUAGE_STANDARD = "gnu++0x";
				CLANG_CXX_LIBRARY = "libc++";
				CLANG_ENABLE_MODULES = YES;
				CLANG_ENABLE_OBJC_ARC = YES;
				CLANG_WARN_BOOL_CONVERSION = YES;
				CLANG_WARN_CONSTANT_CONVERSION = YES;
				CLANG_WARN_DIRECT_OBJC_ISA_USAGE = YES_ERROR;
				CLANG_WARN_EMPTY_BODY = YES;
				CLANG_WARN_ENUM_CONVERSION = YES;
				CLANG_WARN_INT_CONVERSION = YES;
				CLANG_WARN_OBJC_ROOT_CLASS = YES_ERROR;
				CLANG_WARN_UNREACHABLE_CODE = YES;
				CLANG_WARN__DUPLICATE_METHOD_MATCH = YES;
				"CODE_SIGN_IDENTITY[sdk=iphoneos*]" = "iPhone Developer";
				COPY_PHASE_STRIP = NO;
				DEBUG_INFORMATION_FORMAT = "dwarf-with-dsym";
				ENABLE_NS_ASSERTIONS = NO;
				ENABLE_STRICT_OBJC_MSGSEND = YES;
				GCC_C_LANGUAGE_STANDARD = gnu99;
				GCC_NO_COMMON_BLOCKS = YES;
				GCC_WARN_64_TO_32_BIT_CONVERSION = YES;
				GCC_WARN_ABOUT_RETURN_TYPE = YES_ERROR;
				GCC_WARN_UNDECLARED_SELECTOR = YES;
				GCC_WARN_UNINITIALIZED_AUTOS = YES_AGGRESSIVE;
				GCC_WARN_UNUSED_FUNCTION = YES;
				GCC_WARN_UNUSED_VARIABLE = YES;
				IPHONEOS_DEPLOYMENT_TARGET = 8.4;
				MTL_ENABLE_DEBUG_INFO = NO;
				SDKROOT = iphoneos;
				TARGETED_DEVICE_FAMILY = "1,2";
				VALIDATE_PRODUCT = YES;
			};
			name = Release;
		};
		571F80F41B5D3F4500220E9B /* Debug */ = {
			isa = XCBuildConfiguration;
			buildSettings = {
				ASSETCATALOG_COMPILER_APPICON_NAME = AppIcon;
				INFOPLIST_FILE = CameraBuffer/Info.plist;
				LD_RUNPATH_SEARCH_PATHS = "$(inherited) @executable_path/Frameworks";
				PRODUCT_NAME = "$(TARGET_NAME)";
			};
			name = Debug;
		};
		571F80F51B5D3F4500220E9B /* Release */ = {
			isa = XCBuildConfiguration;
			buildSettings = {
				ASSETCATALOG_COMPILER_APPICON_NAME = AppIcon;
				INFOPLIST_FILE = CameraBuffer/Info.plist;
				LD_RUNPATH_SEARCH_PATHS = "$(inherited) @executable_path/Frameworks";
				PRODUCT_NAME = "$(TARGET_NAME)";
			};
			name = Release;
		};
		571F80F71B5D3F4500220E9B /* Debug */ = {
			isa = XCBuildConfiguration;
			buildSettings = {
				BUNDLE_LOADER = "$(TEST_HOST)";
				FRAMEWORK_SEARCH_PATHS = (
					"$(SDKROOT)/Developer/Library/Frameworks",
					"$(inherited)",
				);
				GCC_PREPROCESSOR_DEFINITIONS = (
					"DEBUG=1",
					"$(inherited)",
				);
				INFOPLIST_FILE = CameraBufferTests/Info.plist;
				LD_RUNPATH_SEARCH_PATHS = "$(inherited) @executable_path/Frameworks @loader_path/Frameworks";
				PRODUCT_NAME = "$(TARGET_NAME)";
				TEST_HOST = "$(BUILT_PRODUCTS_DIR)/CameraBuffer.app/CameraBuffer";
			};
			name = Debug;
		};
		571F80F81B5D3F4500220E9B /* Release */ = {
			isa = XCBuildConfiguration;
			buildSettings = {
				BUNDLE_LOADER = "$(TEST_HOST)";
				FRAMEWORK_SEARCH_PATHS = (
					"$(SDKROOT)/Developer/Library/Frameworks",
					"$(inherited)",
				);
				INFOPLIST_FILE = CameraBufferTests/Info.plist;
				LD_RUNPATH_SEARCH_PATHS = "$(inherited) @executable_path/Frameworks @loader_path/Frameworks";
				PRODUCT_NAME = "$(TARGET_NAME)";
				TEST_HOST = "$(BUILT_PRODUCTS_DIR)/CameraBuffer.app/CameraBuffer";
			};
			name = Release;
		};
/* End XCBuildConfiguration section */

/* Begin XCConfigurationList section */
		571F80CB1B5D3F4500220E9B /* Build configuration list for PBXProject "CameraBuffer" */ = {
			isa = XCConfigurationList;
			buildConfigurations = (
				571F80F11B5D3F4500220E9B /* Debug */,
				571F80F21B5D3F4500220E9B /* Release */,
			);
			defaultConfigurationIsVisible = 0;
			defaultConfigurationName = Release;
		};
		571F80F31B5D3F4500220E9B /* Build configuration list for PBXNativeTarget "CameraBuffer" */ = {
			isa = XCConfigurationList;
			buildConfigurations = (
				571F80F41B5D3F4500220E9B /* Debug */,
				571F80F51B5D3F4500220E9B /* Release */,
			);
			defaultConfigurationIsVisible = 0;
		};
		571F80F61B5D3F4500220E9B /* Build configuration list for PBXNativeTarget "CameraBufferTests" */ = {
			isa = XCConfigurationList;
			buildConfigurations = (
				571F80F71B5D3F4500220E9B /* Debug */,
				571F80F81B5D3F4500220E9B /* Release */,
			);
			defaultConfigurationIsVisible = 0;
		};
/* End XCConfigurationList section */
	};
	rootObject = 571F80C81B5D3F4500220E9B /* Project object */;
}
